
Microsoft Visual Studio Solution File, Format Version 12.00
# Visual Studio Version 17
VisualStudioVersion = 17.0.31903.59
MinimumVisualStudioVersion = 10.0.40219.1
Project("{FAE04EC0-301F-11D3-BF4B-00C04F79EFBC}") = "lekcja_2024.03.12", "lekcja_2024.03.12\lekcja_2024.03.12.csproj", "{AD016F28-0FA1-4D72-AE71-2A27CB16693A}"
EndProject
Project("{FAE04EC0-301F-11D3-BF4B-00C04F79EFBC}") = "lekcja_2024.03.19", "lekcja_2024.03.19\lekcja_2024.03.19.csproj", "{FBD6EE65-3F18-41F6-A317-CECDD8E18483}"
EndProject
Project("{FAE04EC0-301F-11D3-BF4B-00C04F79EFBC}") = "lekcja_2024.04.23", "lekcja_2024.04.23\lekcja_2024.04.23.csproj", "{E2E5B178-2CC8-450E-ADEF-E2D378742497}"
EndProject
Global
	GlobalSection(SolutionConfigurationPlatforms) = preSolution
		Debug|Any CPU = Debug|Any CPU
		Release|Any CPU = Release|Any CPU
	EndGlobalSection
	GlobalSection(SolutionProperties) = preSolution
		HideSolutionNode = FALSE
	EndGlobalSection
	GlobalSection(ProjectConfigurationPlatforms) = postSolution
		{AD016F28-0FA1-4D72-AE71-2A27CB16693A}.Debug|Any CPU.ActiveCfg = Debug|Any CPU
		{AD016F28-0FA1-4D72-AE71-2A27CB16693A}.Debug|Any CPU.Build.0 = Debug|Any CPU
		{AD016F28-0FA1-4D72-AE71-2A27CB16693A}.Release|Any CPU.ActiveCfg = Release|Any CPU
		{AD016F28-0FA1-4D72-AE71-2A27CB16693A}.Release|Any CPU.Build.0 = Release|Any CPU
		{FBD6EE65-3F18-41F6-A317-CECDD8E18483}.Debug|Any CPU.ActiveCfg = Debug|Any CPU
		{FBD6EE65-3F18-41F6-A317-CECDD8E18483}.Debug|Any CPU.Build.0 = Debug|Any CPU
		{FBD6EE65-3F18-41F6-A317-CECDD8E18483}.Release|Any CPU.ActiveCfg = Release|Any CPU
		{FBD6EE65-3F18-41F6-A317-CECDD8E18483}.Release|Any CPU.Build.0 = Release|Any CPU
		{E2E5B178-2CC8-450E-ADEF-E2D378742497}.Debug|Any CPU.ActiveCfg = Debug|Any CPU
		{E2E5B178-2CC8-450E-ADEF-E2D378742497}.Debug|Any CPU.Build.0 = Debug|Any CPU
		{E2E5B178-2CC8-450E-ADEF-E2D378742497}.Release|Any CPU.ActiveCfg = Release|Any CPU
		{E2E5B178-2CC8-450E-ADEF-E2D378742497}.Release|Any CPU.Build.0 = Release|Any CPU
	EndGlobalSection
EndGlobal
