
Microsoft Visual Studio Solution File, Format Version 12.00
# Visual Studio Version 17
VisualStudioVersion = 17.0.31903.59
MinimumVisualStudioVersion = 10.0.40219.1
Project("{FAE04EC0-301F-11D3-BF4B-00C04F79EFBC}") = "lekcja_14.11.2023", "lekcja_14.11.2023\lekcja_14.11.2023.csproj", "{DC955A4F-F272-4509-A8B3-91CDE41BEB21}"
EndProject
Project("{FAE04EC0-301F-11D3-BF4B-00C04F79EFBC}") = "lekcja_31.10.2023", "lekcja_31.10.2023\lekcja_31.10.2023.csproj", "{030567D1-FD02-4962-8F99-EC96C02574AD}"
EndProject
Project("{FAE04EC0-301F-11D3-BF4B-00C04F79EFBC}") = "lekcja_05.12.2023", "lekcja_05.12.2023\lekcja_05.12.2023.csproj", "{B5FCB1C0-33BD-499C-82BF-42CB7983E918}"
EndProject
Project("{FAE04EC0-301F-11D3-BF4B-00C04F79EFBC}") = "sprawdzian05.12.2023", "sprawdzian05.12.2023\sprawdzian05.12.2023.csproj", "{835B2979-3A14-4AC9-A4F7-37B70181DA92}"
EndProject
Project("{FAE04EC0-301F-11D3-BF4B-00C04F79EFBC}") = "lekcja_2023.12.05", "lekcja_2023.12.12\lekcja_2023.12.05.csproj", "{5E108D10-C574-41AA-926A-900D9C543C71}"
EndProject
Project("{FAE04EC0-301F-11D3-BF4B-00C04F79EFBC}") = "lekcja_2024.01.23", "lekcja_2024.01.23\lekcja_2024.01.23.csproj", "{AEF69DA0-A96F-4496-94C7-A4C576A970EE}"
EndProject
Project("{FAE04EC0-301F-11D3-BF4B-00C04F79EFBC}") = "lekcja_2024.01.30", "lekcja_2024.01.30\lekcja_2024.01.30.csproj", "{5E78FAE6-DB1D-4692-ACD7-C6791DDAC84B}"
EndProject
Project("{FAE04EC0-301F-11D3-BF4B-00C04F79EFBC}") = "lekcja_2024.03.05", "lekcja_2024.03.05\lekcja_2024.03.05.csproj", "{2B702893-A7AA-4A15-9A13-50605F76FC4D}"
EndProject
Global
	GlobalSection(SolutionConfigurationPlatforms) = preSolution
		Debug|Any CPU = Debug|Any CPU
		Release|Any CPU = Release|Any CPU
	EndGlobalSection
	GlobalSection(SolutionProperties) = preSolution
		HideSolutionNode = FALSE
	EndGlobalSection
	GlobalSection(ProjectConfigurationPlatforms) = postSolution
		{DC955A4F-F272-4509-A8B3-91CDE41BEB21}.Debug|Any CPU.ActiveCfg = Debug|Any CPU
		{DC955A4F-F272-4509-A8B3-91CDE41BEB21}.Debug|Any CPU.Build.0 = Debug|Any CPU
		{DC955A4F-F272-4509-A8B3-91CDE41BEB21}.Release|Any CPU.ActiveCfg = Release|Any CPU
		{DC955A4F-F272-4509-A8B3-91CDE41BEB21}.Release|Any CPU.Build.0 = Release|Any CPU
		{030567D1-FD02-4962-8F99-EC96C02574AD}.Debug|Any CPU.ActiveCfg = Debug|Any CPU
		{030567D1-FD02-4962-8F99-EC96C02574AD}.Debug|Any CPU.Build.0 = Debug|Any CPU
		{030567D1-FD02-4962-8F99-EC96C02574AD}.Release|Any CPU.ActiveCfg = Release|Any CPU
		{030567D1-FD02-4962-8F99-EC96C02574AD}.Release|Any CPU.Build.0 = Release|Any CPU
		{B5FCB1C0-33BD-499C-82BF-42CB7983E918}.Debug|Any CPU.ActiveCfg = Debug|Any CPU
		{B5FCB1C0-33BD-499C-82BF-42CB7983E918}.Debug|Any CPU.Build.0 = Debug|Any CPU
		{B5FCB1C0-33BD-499C-82BF-42CB7983E918}.Release|Any CPU.ActiveCfg = Release|Any CPU
		{B5FCB1C0-33BD-499C-82BF-42CB7983E918}.Release|Any CPU.Build.0 = Release|Any CPU
		{835B2979-3A14-4AC9-A4F7-37B70181DA92}.Debug|Any CPU.ActiveCfg = Debug|Any CPU
		{835B2979-3A14-4AC9-A4F7-37B70181DA92}.Debug|Any CPU.Build.0 = Debug|Any CPU
		{835B2979-3A14-4AC9-A4F7-37B70181DA92}.Release|Any CPU.ActiveCfg = Release|Any CPU
		{835B2979-3A14-4AC9-A4F7-37B70181DA92}.Release|Any CPU.Build.0 = Release|Any CPU
		{5E108D10-C574-41AA-926A-900D9C543C71}.Debug|Any CPU.ActiveCfg = Debug|Any CPU
		{5E108D10-C574-41AA-926A-900D9C543C71}.Debug|Any CPU.Build.0 = Debug|Any CPU
		{5E108D10-C574-41AA-926A-900D9C543C71}.Release|Any CPU.ActiveCfg = Release|Any CPU
		{5E108D10-C574-41AA-926A-900D9C543C71}.Release|Any CPU.Build.0 = Release|Any CPU
		{AEF69DA0-A96F-4496-94C7-A4C576A970EE}.Debug|Any CPU.ActiveCfg = Debug|Any CPU
		{AEF69DA0-A96F-4496-94C7-A4C576A970EE}.Debug|Any CPU.Build.0 = Debug|Any CPU
		{AEF69DA0-A96F-4496-94C7-A4C576A970EE}.Release|Any CPU.ActiveCfg = Release|Any CPU
		{AEF69DA0-A96F-4496-94C7-A4C576A970EE}.Release|Any CPU.Build.0 = Release|Any CPU
		{5E78FAE6-DB1D-4692-ACD7-C6791DDAC84B}.Debug|Any CPU.ActiveCfg = Debug|Any CPU
		{5E78FAE6-DB1D-4692-ACD7-C6791DDAC84B}.Debug|Any CPU.Build.0 = Debug|Any CPU
		{5E78FAE6-DB1D-4692-ACD7-C6791DDAC84B}.Release|Any CPU.ActiveCfg = Release|Any CPU
		{5E78FAE6-DB1D-4692-ACD7-C6791DDAC84B}.Release|Any CPU.Build.0 = Release|Any CPU
		{2B702893-A7AA-4A15-9A13-50605F76FC4D}.Debug|Any CPU.ActiveCfg = Debug|Any CPU
		{2B702893-A7AA-4A15-9A13-50605F76FC4D}.Debug|Any CPU.Build.0 = Debug|Any CPU
		{2B702893-A7AA-4A15-9A13-50605F76FC4D}.Release|Any CPU.ActiveCfg = Release|Any CPU
		{2B702893-A7AA-4A15-9A13-50605F76FC4D}.Release|Any CPU.Build.0 = Release|Any CPU
	EndGlobalSection
EndGlobal
